
Microsoft Visual Studio Solution File, Format Version 12.00
# Visual Studio 14
VisualStudioVersion = 14.0.23107.0
MinimumVisualStudioVersion = 10.0.40219.1
Project("{FAE04EC0-301F-11D3-BF4B-00C04F79EFBC}") = "SimpleSlackBot", "SimpleSlackBot\SimpleSlackBot.csproj", "{FC8A9A57-C128-4EDB-96F0-859B6FD53A8D}"
EndProject
Project("{FAE04EC0-301F-11D3-BF4B-00C04F79EFBC}") = "TestBot", "TestBot\TestBot.csproj", "{33729301-F8DD-45B3-B768-63DA469AC1BA}"
EndProject
Project("{2150E333-8FDC-42A3-9474-1A3956D46DE8}") = "Solution Items", "Solution Items", "{A3F00C1D-FFBA-43B6-8111-11B782BCA2EB}"
	ProjectSection(SolutionItems) = preProject
		README.md = README.md
	EndProjectSection
EndProject
Global
	GlobalSection(SolutionConfigurationPlatforms) = preSolution
		Debug|Any CPU = Debug|Any CPU
		Release|Any CPU = Release|Any CPU
	EndGlobalSection
	GlobalSection(ProjectConfigurationPlatforms) = postSolution
		{FC8A9A57-C128-4EDB-96F0-859B6FD53A8D}.Debug|Any CPU.ActiveCfg = Debug|Any CPU
		{FC8A9A57-C128-4EDB-96F0-859B6FD53A8D}.Debug|Any CPU.Build.0 = Debug|Any CPU
		{FC8A9A57-C128-4EDB-96F0-859B6FD53A8D}.Release|Any CPU.ActiveCfg = Release|Any CPU
		{FC8A9A57-C128-4EDB-96F0-859B6FD53A8D}.Release|Any CPU.Build.0 = Release|Any CPU
		{33729301-F8DD-45B3-B768-63DA469AC1BA}.Debug|Any CPU.ActiveCfg = Debug|Any CPU
		{33729301-F8DD-45B3-B768-63DA469AC1BA}.Debug|Any CPU.Build.0 = Debug|Any CPU
		{33729301-F8DD-45B3-B768-63DA469AC1BA}.Release|Any CPU.ActiveCfg = Release|Any CPU
		{33729301-F8DD-45B3-B768-63DA469AC1BA}.Release|Any CPU.Build.0 = Release|Any CPU
	EndGlobalSection
	GlobalSection(SolutionProperties) = preSolution
		HideSolutionNode = FALSE
	EndGlobalSection
EndGlobal
